
Microsoft Visual Studio Solution File, Format Version 12.00
# Visual Studio Version 16
VisualStudioVersion = 16.0.32413.511
MinimumVisualStudioVersion = 10.0.40219.1
Project("{9A19103F-16F7-4668-BE54-9A1E7A4F7556}") = "GestionColegio.Persistence.EntityFramework", "GestionColegio.Persistence.EntityFramework\GestionColegio.Persistence.EntityFramework.csproj", "{0D5E8E82-D036-4109-8966-41A8EA199A5D}"
EndProject
Project("{FAE04EC0-301F-11D3-BF4B-00C04F79EFBC}") = "GestionColegio.WebApi", "GestionColegio.WebApi\GestionColegio.WebApi.csproj", "{C2D75DDB-7348-4FFA-8E55-ACF2586CBAC4}"
EndProject
Project("{FAE04EC0-301F-11D3-BF4B-00C04F79EFBC}") = "GestionColegio", "GestionColegio\GestionColegio.csproj", "{E98FC903-B844-49E4-9F9D-AE913C3114E1}"
EndProject
Project("{FAE04EC0-301F-11D3-BF4B-00C04F79EFBC}") = "GestionColegio.Tests", "GestionColegio.Tests\GestionColegio.Tests.csproj", "{BF239EAD-3B36-4A98-BF3E-7D8341D6F759}"
EndProject
Project("{FAE04EC0-301F-11D3-BF4B-00C04F79EFBC}") = "GestionColegio.ObjectMapper.AutoMapper", "GestionColegio.ObjectMapper.AutoMapper\GestionColegio.ObjectMapper.AutoMapper.csproj", "{EA018337-BE92-4CE4-BBC1-820FCE8BBF9F}"
EndProject
Global
	GlobalSection(SolutionConfigurationPlatforms) = preSolution
		Debug|Any CPU = Debug|Any CPU
		Release|Any CPU = Release|Any CPU
	EndGlobalSection
	GlobalSection(ProjectConfigurationPlatforms) = postSolution
		{0D5E8E82-D036-4109-8966-41A8EA199A5D}.Debug|Any CPU.ActiveCfg = Debug|Any CPU
		{0D5E8E82-D036-4109-8966-41A8EA199A5D}.Debug|Any CPU.Build.0 = Debug|Any CPU
		{0D5E8E82-D036-4109-8966-41A8EA199A5D}.Release|Any CPU.ActiveCfg = Release|Any CPU
		{0D5E8E82-D036-4109-8966-41A8EA199A5D}.Release|Any CPU.Build.0 = Release|Any CPU
		{C2D75DDB-7348-4FFA-8E55-ACF2586CBAC4}.Debug|Any CPU.ActiveCfg = Debug|Any CPU
		{C2D75DDB-7348-4FFA-8E55-ACF2586CBAC4}.Debug|Any CPU.Build.0 = Debug|Any CPU
		{C2D75DDB-7348-4FFA-8E55-ACF2586CBAC4}.Release|Any CPU.ActiveCfg = Release|Any CPU
		{C2D75DDB-7348-4FFA-8E55-ACF2586CBAC4}.Release|Any CPU.Build.0 = Release|Any CPU
		{E98FC903-B844-49E4-9F9D-AE913C3114E1}.Debug|Any CPU.ActiveCfg = Debug|Any CPU
		{E98FC903-B844-49E4-9F9D-AE913C3114E1}.Debug|Any CPU.Build.0 = Debug|Any CPU
		{E98FC903-B844-49E4-9F9D-AE913C3114E1}.Release|Any CPU.ActiveCfg = Release|Any CPU
		{E98FC903-B844-49E4-9F9D-AE913C3114E1}.Release|Any CPU.Build.0 = Release|Any CPU
		{BF239EAD-3B36-4A98-BF3E-7D8341D6F759}.Debug|Any CPU.ActiveCfg = Debug|Any CPU
		{BF239EAD-3B36-4A98-BF3E-7D8341D6F759}.Debug|Any CPU.Build.0 = Debug|Any CPU
		{BF239EAD-3B36-4A98-BF3E-7D8341D6F759}.Release|Any CPU.ActiveCfg = Release|Any CPU
		{BF239EAD-3B36-4A98-BF3E-7D8341D6F759}.Release|Any CPU.Build.0 = Release|Any CPU
		{EA018337-BE92-4CE4-BBC1-820FCE8BBF9F}.Debug|Any CPU.ActiveCfg = Debug|Any CPU
		{EA018337-BE92-4CE4-BBC1-820FCE8BBF9F}.Debug|Any CPU.Build.0 = Debug|Any CPU
		{EA018337-BE92-4CE4-BBC1-820FCE8BBF9F}.Release|Any CPU.ActiveCfg = Release|Any CPU
		{EA018337-BE92-4CE4-BBC1-820FCE8BBF9F}.Release|Any CPU.Build.0 = Release|Any CPU
	EndGlobalSection
	GlobalSection(SolutionProperties) = preSolution
		HideSolutionNode = FALSE
	EndGlobalSection
	GlobalSection(ExtensibilityGlobals) = postSolution
		SolutionGuid = {4E7793D5-B088-48E7-AE35-68B9822E307B}
	EndGlobalSection
EndGlobal
